// !$*UTF8*$!
{
	archiveVersion = 1;
	classes = {
	};
	objectVersion = 55;
	objects = {

/* Begin PBXBuildFile section */
		9FCB172D28647B3F00C55830 /* Tests_iOS.swift in Sources */ = {isa = PBXBuildFile; fileRef = 9FCB172C28647B3F00C55830 /* Tests_iOS.swift */; };
		9FCB172F28647B3F00C55830 /* Tests_iOSLaunchTests.swift in Sources */ = {isa = PBXBuildFile; fileRef = 9FCB172E28647B3F00C55830 /* Tests_iOSLaunchTests.swift */; };
		9FCB173928647B3F00C55830 /* Tests_macOS.swift in Sources */ = {isa = PBXBuildFile; fileRef = 9FCB173828647B3F00C55830 /* Tests_macOS.swift */; };
		9FCB173B28647B3F00C55830 /* Tests_macOSLaunchTests.swift in Sources */ = {isa = PBXBuildFile; fileRef = 9FCB173A28647B3F00C55830 /* Tests_macOSLaunchTests.swift */; };
		9FCB173C28647B3F00C55830 /* practiceiOSApp.swift in Sources */ = {isa = PBXBuildFile; fileRef = 9FCB171428647B3A00C55830 /* practiceiOSApp.swift */; };
		9FCB173D28647B3F00C55830 /* practiceiOSApp.swift in Sources */ = {isa = PBXBuildFile; fileRef = 9FCB171428647B3A00C55830 /* practiceiOSApp.swift */; };
		9FCB173E28647B3F00C55830 /* ContentView.swift in Sources */ = {isa = PBXBuildFile; fileRef = 9FCB171528647B3A00C55830 /* ContentView.swift */; };
		9FCB173F28647B3F00C55830 /* ContentView.swift in Sources */ = {isa = PBXBuildFile; fileRef = 9FCB171528647B3A00C55830 /* ContentView.swift */; };
		9FCB174028647B3F00C55830 /* Assets.xcassets in Resources */ = {isa = PBXBuildFile; fileRef = 9FCB171628647B3E00C55830 /* Assets.xcassets */; };
		9FCB174128647B3F00C55830 /* Assets.xcassets in Resources */ = {isa = PBXBuildFile; fileRef = 9FCB171628647B3E00C55830 /* Assets.xcassets */; };
/* End PBXBuildFile section */

/* Begin PBXContainerItemProxy section */
		9FCB172928647B3E00C55830 /* PBXContainerItemProxy */ = {
			isa = PBXContainerItemProxy;
			containerPortal = 9FCB170F28647B3A00C55830 /* Project object */;
			proxyType = 1;
			remoteGlobalIDString = 9FCB171A28647B3E00C55830;
			remoteInfo = "practiceiOS (iOS)";
		};
		9FCB173528647B3F00C55830 /* PBXContainerItemProxy */ = {
			isa = PBXContainerItemProxy;
			containerPortal = 9FCB170F28647B3A00C55830 /* Project object */;
			proxyType = 1;
			remoteGlobalIDString = 9FCB172028647B3E00C55830;
			remoteInfo = "practiceiOS (macOS)";
		};
/* End PBXContainerItemProxy section */

/* Begin PBXFileReference section */
		9FCB171428647B3A00C55830 /* practiceiOSApp.swift */ = {isa = PBXFileReference; lastKnownFileType = sourcecode.swift; path = practiceiOSApp.swift; sourceTree = "<group>"; };
		9FCB171528647B3A00C55830 /* ContentView.swift */ = {isa = PBXFileReference; lastKnownFileType = sourcecode.swift; path = ContentView.swift; sourceTree = "<group>"; };
		9FCB171628647B3E00C55830 /* Assets.xcassets */ = {isa = PBXFileReference; lastKnownFileType = folder.assetcatalog; path = Assets.xcassets; sourceTree = "<group>"; };
		9FCB171B28647B3E00C55830 /* practiceiOS.app */ = {isa = PBXFileReference; explicitFileType = wrapper.application; includeInIndex = 0; path = practiceiOS.app; sourceTree = BUILT_PRODUCTS_DIR; };
		9FCB172128647B3E00C55830 /* practiceiOS.app */ = {isa = PBXFileReference; explicitFileType = wrapper.application; includeInIndex = 0; path = practiceiOS.app; sourceTree = BUILT_PRODUCTS_DIR; };
		9FCB172328647B3E00C55830 /* macOS.entitlements */ = {isa = PBXFileReference; lastKnownFileType = text.plist.entitlements; path = macOS.entitlements; sourceTree = "<group>"; };
		9FCB172828647B3E00C55830 /* Tests iOS.xctest */ = {isa = PBXFileReference; explicitFileType = wrapper.cfbundle; includeInIndex = 0; path = "Tests iOS.xctest"; sourceTree = BUILT_PRODUCTS_DIR; };
		9FCB172C28647B3F00C55830 /* Tests_iOS.swift */ = {isa = PBXFileReference; lastKnownFileType = sourcecode.swift; path = Tests_iOS.swift; sourceTree = "<group>"; };
		9FCB172E28647B3F00C55830 /* Tests_iOSLaunchTests.swift */ = {isa = PBXFileReference; lastKnownFileType = sourcecode.swift; path = Tests_iOSLaunchTests.swift; sourceTree = "<group>"; };
		9FCB173428647B3F00C55830 /* Tests macOS.xctest */ = {isa = PBXFileReference; explicitFileType = wrapper.cfbundle; includeInIndex = 0; path = "Tests macOS.xctest"; sourceTree = BUILT_PRODUCTS_DIR; };
		9FCB173828647B3F00C55830 /* Tests_macOS.swift */ = {isa = PBXFileReference; lastKnownFileType = sourcecode.swift; path = Tests_macOS.swift; sourceTree = "<group>"; };
		9FCB173A28647B3F00C55830 /* Tests_macOSLaunchTests.swift */ = {isa = PBXFileReference; lastKnownFileType = sourcecode.swift; path = Tests_macOSLaunchTests.swift; sourceTree = "<group>"; };
/* End PBXFileReference section */

/* Begin PBXFrameworksBuildPhase section */
		9FCB171828647B3E00C55830 /* Frameworks */ = {
			isa = PBXFrameworksBuildPhase;
			buildActionMask = 2147483647;
			files = (
			);
			runOnlyForDeploymentPostprocessing = 0;
		};
		9FCB171E28647B3E00C55830 /* Frameworks */ = {
			isa = PBXFrameworksBuildPhase;
			buildActionMask = 2147483647;
			files = (
			);
			runOnlyForDeploymentPostprocessing = 0;
		};
		9FCB172528647B3E00C55830 /* Frameworks */ = {
			isa = PBXFrameworksBuildPhase;
			buildActionMask = 2147483647;
			files = (
			);
			runOnlyForDeploymentPostprocessing = 0;
		};
		9FCB173128647B3F00C55830 /* Frameworks */ = {
			isa = PBXFrameworksBuildPhase;
			buildActionMask = 2147483647;
			files = (
			);
			runOnlyForDeploymentPostprocessing = 0;
		};
/* End PBXFrameworksBuildPhase section */

/* Begin PBXGroup section */
		9FCB170E28647B3A00C55830 = {
			isa = PBXGroup;
			children = (
				9FCB171328647B3A00C55830 /* Shared */,
				9FCB172228647B3E00C55830 /* macOS */,
				9FCB172B28647B3F00C55830 /* Tests iOS */,
				9FCB173728647B3F00C55830 /* Tests macOS */,
				9FCB171C28647B3E00C55830 /* Products */,
			);
			sourceTree = "<group>";
		};
		9FCB171328647B3A00C55830 /* Shared */ = {
			isa = PBXGroup;
			children = (
				9FCB171428647B3A00C55830 /* practiceiOSApp.swift */,
				9FCB171528647B3A00C55830 /* ContentView.swift */,
				9FCB171628647B3E00C55830 /* Assets.xcassets */,
			);
			path = Shared;
			sourceTree = "<group>";
		};
		9FCB171C28647B3E00C55830 /* Products */ = {
			isa = PBXGroup;
			children = (
				9FCB171B28647B3E00C55830 /* practiceiOS.app */,
				9FCB172128647B3E00C55830 /* practiceiOS.app */,
				9FCB172828647B3E00C55830 /* Tests iOS.xctest */,
				9FCB173428647B3F00C55830 /* Tests macOS.xctest */,
			);
			name = Products;
			sourceTree = "<group>";
		};
		9FCB172228647B3E00C55830 /* macOS */ = {
			isa = PBXGroup;
			children = (
				9FCB172328647B3E00C55830 /* macOS.entitlements */,
			);
			path = macOS;
			sourceTree = "<group>";
		};
		9FCB172B28647B3F00C55830 /* Tests iOS */ = {
			isa = PBXGroup;
			children = (
				9FCB172C28647B3F00C55830 /* Tests_iOS.swift */,
				9FCB172E28647B3F00C55830 /* Tests_iOSLaunchTests.swift */,
			);
			path = "Tests iOS";
			sourceTree = "<group>";
		};
		9FCB173728647B3F00C55830 /* Tests macOS */ = {
			isa = PBXGroup;
			children = (
				9FCB173828647B3F00C55830 /* Tests_macOS.swift */,
				9FCB173A28647B3F00C55830 /* Tests_macOSLaunchTests.swift */,
			);
			path = "Tests macOS";
			sourceTree = "<group>";
		};
/* End PBXGroup section */

/* Begin PBXNativeTarget section */
		9FCB171A28647B3E00C55830 /* practiceiOS (iOS) */ = {
			isa = PBXNativeTarget;
			buildConfigurationList = 9FCB174428647B3F00C55830 /* Build configuration list for PBXNativeTarget "practiceiOS (iOS)" */;
			buildPhases = (
				9FCB171728647B3E00C55830 /* Sources */,
				9FCB171828647B3E00C55830 /* Frameworks */,
				9FCB171928647B3E00C55830 /* Resources */,
			);
			buildRules = (
			);
			dependencies = (
			);
			name = "practiceiOS (iOS)";
			productName = "practiceiOS (iOS)";
			productReference = 9FCB171B28647B3E00C55830 /* practiceiOS.app */;
			productType = "com.apple.product-type.application";
		};
		9FCB172028647B3E00C55830 /* practiceiOS (macOS) */ = {
			isa = PBXNativeTarget;
			buildConfigurationList = 9FCB174728647B3F00C55830 /* Build configuration list for PBXNativeTarget "practiceiOS (macOS)" */;
			buildPhases = (
				9FCB171D28647B3E00C55830 /* Sources */,
				9FCB171E28647B3E00C55830 /* Frameworks */,
				9FCB171F28647B3E00C55830 /* Resources */,
			);
			buildRules = (
			);
			dependencies = (
			);
			name = "practiceiOS (macOS)";
			productName = "practiceiOS (macOS)";
			productReference = 9FCB172128647B3E00C55830 /* practiceiOS.app */;
			productType = "com.apple.product-type.application";
		};
		9FCB172728647B3E00C55830 /* Tests iOS */ = {
			isa = PBXNativeTarget;
			buildConfigurationList = 9FCB174A28647B3F00C55830 /* Build configuration list for PBXNativeTarget "Tests iOS" */;
			buildPhases = (
				9FCB172428647B3E00C55830 /* Sources */,
				9FCB172528647B3E00C55830 /* Frameworks */,
				9FCB172628647B3E00C55830 /* Resources */,
			);
			buildRules = (
			);
			dependencies = (
				9FCB172A28647B3E00C55830 /* PBXTargetDependency */,
			);
			name = "Tests iOS";
			productName = "Tests iOS";
			productReference = 9FCB172828647B3E00C55830 /* Tests iOS.xctest */;
			productType = "com.apple.product-type.bundle.ui-testing";
		};
		9FCB173328647B3F00C55830 /* Tests macOS */ = {
			isa = PBXNativeTarget;
			buildConfigurationList = 9FCB174D28647B3F00C55830 /* Build configuration list for PBXNativeTarget "Tests macOS" */;
			buildPhases = (
				9FCB173028647B3F00C55830 /* Sources */,
				9FCB173128647B3F00C55830 /* Frameworks */,
				9FCB173228647B3F00C55830 /* Resources */,
			);
			buildRules = (
			);
			dependencies = (
				9FCB173628647B3F00C55830 /* PBXTargetDependency */,
			);
			name = "Tests macOS";
			productName = "Tests macOS";
			productReference = 9FCB173428647B3F00C55830 /* Tests macOS.xctest */;
			productType = "com.apple.product-type.bundle.ui-testing";
		};
/* End PBXNativeTarget section */

/* Begin PBXProject section */
		9FCB170F28647B3A00C55830 /* Project object */ = {
			isa = PBXProject;
			attributes = {
				BuildIndependentTargetsInParallel = 1;
				LastSwiftUpdateCheck = 1340;
				LastUpgradeCheck = 1340;
				TargetAttributes = {
					9FCB171A28647B3E00C55830 = {
						CreatedOnToolsVersion = 13.4.1;
					};
					9FCB172028647B3E00C55830 = {
						CreatedOnToolsVersion = 13.4.1;
					};
					9FCB172728647B3E00C55830 = {
						CreatedOnToolsVersion = 13.4.1;
						TestTargetID = 9FCB171A28647B3E00C55830;
					};
					9FCB173328647B3F00C55830 = {
						CreatedOnToolsVersion = 13.4.1;
						TestTargetID = 9FCB172028647B3E00C55830;
					};
				};
			};
			buildConfigurationList = 9FCB171228647B3A00C55830 /* Build configuration list for PBXProject "practiceiOS" */;
			compatibilityVersion = "Xcode 13.0";
			developmentRegion = en;
			hasScannedForEncodings = 0;
			knownRegions = (
				en,
				Base,
			);
			mainGroup = 9FCB170E28647B3A00C55830;
			productRefGroup = 9FCB171C28647B3E00C55830 /* Products */;
			projectDirPath = "";
			projectRoot = "";
			targets = (
				9FCB171A28647B3E00C55830 /* practiceiOS (iOS) */,
				9FCB172028647B3E00C55830 /* practiceiOS (macOS) */,
				9FCB172728647B3E00C55830 /* Tests iOS */,
				9FCB173328647B3F00C55830 /* Tests macOS */,
			);
		};
/* End PBXProject section */

/* Begin PBXResourcesBuildPhase section */
		9FCB171928647B3E00C55830 /* Resources */ = {
			isa = PBXResourcesBuildPhase;
			buildActionMask = 2147483647;
			files = (
				9FCB174028647B3F00C55830 /* Assets.xcassets in Resources */,
			);
			runOnlyForDeploymentPostprocessing = 0;
		};
		9FCB171F28647B3E00C55830 /* Resources */ = {
			isa = PBXResourcesBuildPhase;
			buildActionMask = 2147483647;
			files = (
				9FCB174128647B3F00C55830 /* Assets.xcassets in Resources */,
			);
			runOnlyForDeploymentPostprocessing = 0;
		};
		9FCB172628647B3E00C55830 /* Resources */ = {
			isa = PBXResourcesBuildPhase;
			buildActionMask = 2147483647;
			files = (
			);
			runOnlyForDeploymentPostprocessing = 0;
		};
		9FCB173228647B3F00C55830 /* Resources */ = {
			isa = PBXResourcesBuildPhase;
			buildActionMask = 2147483647;
			files = (
			);
			runOnlyForDeploymentPostprocessing = 0;
		};
/* End PBXResourcesBuildPhase section */

/* Begin PBXSourcesBuildPhase section */
		9FCB171728647B3E00C55830 /* Sources */ = {
			isa = PBXSourcesBuildPhase;
			buildActionMask = 2147483647;
			files = (
				9FCB173E28647B3F00C55830 /* ContentView.swift in Sources */,
				9FCB173C28647B3F00C55830 /* practiceiOSApp.swift in Sources */,
			);
			runOnlyForDeploymentPostprocessing = 0;
		};
		9FCB171D28647B3E00C55830 /* Sources */ = {
			isa = PBXSourcesBuildPhase;
			buildActionMask = 2147483647;
			files = (
				9FCB173F28647B3F00C55830 /* ContentView.swift in Sources */,
				9FCB173D28647B3F00C55830 /* practiceiOSApp.swift in Sources */,
			);
			runOnlyForDeploymentPostprocessing = 0;
		};
		9FCB172428647B3E00C55830 /* Sources */ = {
			isa = PBXSourcesBuildPhase;
			buildActionMask = 2147483647;
			files = (
				9FCB172F28647B3F00C55830 /* Tests_iOSLaunchTests.swift in Sources */,
				9FCB172D28647B3F00C55830 /* Tests_iOS.swift in Sources */,
			);
			runOnlyForDeploymentPostprocessing = 0;
		};
		9FCB173028647B3F00C55830 /* Sources */ = {
			isa = PBXSourcesBuildPhase;
			buildActionMask = 2147483647;
			files = (
				9FCB173B28647B3F00C55830 /* Tests_macOSLaunchTests.swift in Sources */,
				9FCB173928647B3F00C55830 /* Tests_macOS.swift in Sources */,
			);
			runOnlyForDeploymentPostprocessing = 0;
		};
/* End PBXSourcesBuildPhase section */

/* Begin PBXTargetDependency section */
		9FCB172A28647B3E00C55830 /* PBXTargetDependency */ = {
			isa = PBXTargetDependency;
			target = 9FCB171A28647B3E00C55830 /* practiceiOS (iOS) */;
			targetProxy = 9FCB172928647B3E00C55830 /* PBXContainerItemProxy */;
		};
		9FCB173628647B3F00C55830 /* PBXTargetDependency */ = {
			isa = PBXTargetDependency;
			target = 9FCB172028647B3E00C55830 /* practiceiOS (macOS) */;
			targetProxy = 9FCB173528647B3F00C55830 /* PBXContainerItemProxy */;
		};
/* End PBXTargetDependency section */

/* Begin XCBuildConfiguration section */
		9FCB174228647B3F00C55830 /* Debug */ = {
			isa = XCBuildConfiguration;
			buildSettings = {
				ALWAYS_SEARCH_USER_PATHS = NO;
				CLANG_ANALYZER_NONNULL = YES;
				CLANG_ANALYZER_NUMBER_OBJECT_CONVERSION = YES_AGGRESSIVE;
				CLANG_CXX_LANGUAGE_STANDARD = "gnu++17";
				CLANG_ENABLE_MODULES = YES;
				CLANG_ENABLE_OBJC_ARC = YES;
				CLANG_ENABLE_OBJC_WEAK = YES;
				CLANG_WARN_BLOCK_CAPTURE_AUTORELEASING = YES;
				CLANG_WARN_BOOL_CONVERSION = YES;
				CLANG_WARN_COMMA = YES;
				CLANG_WARN_CONSTANT_CONVERSION = YES;
				CLANG_WARN_DEPRECATED_OBJC_IMPLEMENTATIONS = YES;
				CLANG_WARN_DIRECT_OBJC_ISA_USAGE = YES_ERROR;
				CLANG_WARN_DOCUMENTATION_COMMENTS = YES;
				CLANG_WARN_EMPTY_BODY = YES;
				CLANG_WARN_ENUM_CONVERSION = YES;
				CLANG_WARN_INFINITE_RECURSION = YES;
				CLANG_WARN_INT_CONVERSION = YES;
				CLANG_WARN_NON_LITERAL_NULL_CONVERSION = YES;
				CLANG_WARN_OBJC_IMPLICIT_RETAIN_SELF = YES;
				CLANG_WARN_OBJC_LITERAL_CONVERSION = YES;
				CLANG_WARN_OBJC_ROOT_CLASS = YES_ERROR;
				CLANG_WARN_QUOTED_INCLUDE_IN_FRAMEWORK_HEADER = YES;
				CLANG_WARN_RANGE_LOOP_ANALYSIS = YES;
				CLANG_WARN_STRICT_PROTOTYPES = YES;
				CLANG_WARN_SUSPICIOUS_MOVE = YES;
				CLANG_WARN_UNGUARDED_AVAILABILITY = YES_AGGRESSIVE;
				CLANG_WARN_UNREACHABLE_CODE = YES;
				CLANG_WARN__DUPLICATE_METHOD_MATCH = YES;
				COPY_PHASE_STRIP = NO;
				DEBUG_INFORMATION_FORMAT = dwarf;
				ENABLE_STRICT_OBJC_MSGSEND = YES;
				ENABLE_TESTABILITY = YES;
				GCC_C_LANGUAGE_STANDARD = gnu11;
				GCC_DYNAMIC_NO_PIC = NO;
				GCC_NO_COMMON_BLOCKS = YES;
				GCC_OPTIMIZATION_LEVEL = 0;
				GCC_PREPROCESSOR_DEFINITIONS = (
					"DEBUG=1",
					"$(inherited)",
				);
				GCC_WARN_64_TO_32_BIT_CONVERSION = YES;
				GCC_WARN_ABOUT_RETURN_TYPE = YES_ERROR;
				GCC_WARN_UNDECLARED_SELECTOR = YES;
				GCC_WARN_UNINITIALIZED_AUTOS = YES_AGGRESSIVE;
				GCC_WARN_UNUSED_FUNCTION = YES;
				GCC_WARN_UNUSED_VARIABLE = YES;
				MTL_ENABLE_DEBUG_INFO = INCLUDE_SOURCE;
				MTL_FAST_MATH = YES;
				ONLY_ACTIVE_ARCH = YES;
				SWIFT_ACTIVE_COMPILATION_CONDITIONS = DEBUG;
				SWIFT_OPTIMIZATION_LEVEL = "-Onone";
			};
			name = Debug;
		};
		9FCB174328647B3F00C55830 /* Release */ = {
			isa = XCBuildConfiguration;
			buildSettings = {
				ALWAYS_SEARCH_USER_PATHS = NO;
				CLANG_ANALYZER_NONNULL = YES;
				CLANG_ANALYZER_NUMBER_OBJECT_CONVERSION = YES_AGGRESSIVE;
				CLANG_CXX_LANGUAGE_STANDARD = "gnu++17";
				CLANG_ENABLE_MODULES = YES;
				CLANG_ENABLE_OBJC_ARC = YES;
				CLANG_ENABLE_OBJC_WEAK = YES;
				CLANG_WARN_BLOCK_CAPTURE_AUTORELEASING = YES;
				CLANG_WARN_BOOL_CONVERSION = YES;
				CLANG_WARN_COMMA = YES;
				CLANG_WARN_CONSTANT_CONVERSION = YES;
				CLANG_WARN_DEPRECATED_OBJC_IMPLEMENTATIONS = YES;
				CLANG_WARN_DIRECT_OBJC_ISA_USAGE = YES_ERROR;
				CLANG_WARN_DOCUMENTATION_COMMENTS = YES;
				CLANG_WARN_EMPTY_BODY = YES;
				CLANG_WARN_ENUM_CONVERSION = YES;
				CLANG_WARN_INFINITE_RECURSION = YES;
				CLANG_WARN_INT_CONVERSION = YES;
				CLANG_WARN_NON_LITERAL_NULL_CONVERSION = YES;
				CLANG_WARN_OBJC_IMPLICIT_RETAIN_SELF = YES;
				CLANG_WARN_OBJC_LITERAL_CONVERSION = YES;
				CLANG_WARN_OBJC_ROOT_CLASS = YES_ERROR;
				CLANG_WARN_QUOTED_INCLUDE_IN_FRAMEWORK_HEADER = YES;
				CLANG_WARN_RANGE_LOOP_ANALYSIS = YES;
				CLANG_WARN_STRICT_PROTOTYPES = YES;
				CLANG_WARN_SUSPICIOUS_MOVE = YES;
				CLANG_WARN_UNGUARDED_AVAILABILITY = YES_AGGRESSIVE;
				CLANG_WARN_UNREACHABLE_CODE = YES;
				CLANG_WARN__DUPLICATE_METHOD_MATCH = YES;
				COPY_PHASE_STRIP = NO;
				DEBUG_INFORMATION_FORMAT = "dwarf-with-dsym";
				ENABLE_NS_ASSERTIONS = NO;
				ENABLE_STRICT_OBJC_MSGSEND = YES;
				GCC_C_LANGUAGE_STANDARD = gnu11;
				GCC_NO_COMMON_BLOCKS = YES;
				GCC_WARN_64_TO_32_BIT_CONVERSION = YES;
				GCC_WARN_ABOUT_RETURN_TYPE = YES_ERROR;
				GCC_WARN_UNDECLARED_SELECTOR = YES;
				GCC_WARN_UNINITIALIZED_AUTOS = YES_AGGRESSIVE;
				GCC_WARN_UNUSED_FUNCTION = YES;
				GCC_WARN_UNUSED_VARIABLE = YES;
				MTL_ENABLE_DEBUG_INFO = NO;
				MTL_FAST_MATH = YES;
				SWIFT_COMPILATION_MODE = wholemodule;
				SWIFT_OPTIMIZATION_LEVEL = "-O";
			};
			name = Release;
		};
		9FCB174528647B3F00C55830 /* Debug */ = {
			isa = XCBuildConfiguration;
			buildSettings = {
				ASSETCATALOG_COMPILER_APPICON_NAME = AppIcon;
				ASSETCATALOG_COMPILER_GLOBAL_ACCENT_COLOR_NAME = AccentColor;
				CODE_SIGN_STYLE = Automatic;
				CURRENT_PROJECT_VERSION = 1;
				ENABLE_PREVIEWS = YES;
				GENERATE_INFOPLIST_FILE = YES;
				INFOPLIST_KEY_UIApplicationSceneManifest_Generation = YES;
				INFOPLIST_KEY_UIApplicationSupportsIndirectInputEvents = YES;
				INFOPLIST_KEY_UILaunchScreen_Generation = YES;
				INFOPLIST_KEY_UISupportedInterfaceOrientations_iPad = "UIInterfaceOrientationPortrait UIInterfaceOrientationPortraitUpsideDown UIInterfaceOrientationLandscapeLeft UIInterfaceOrientationLandscapeRight";
				INFOPLIST_KEY_UISupportedInterfaceOrientations_iPhone = "UIInterfaceOrientationPortrait UIInterfaceOrientationLandscapeLeft UIInterfaceOrientationLandscapeRight";
				IPHONEOS_DEPLOYMENT_TARGET = 15.5;
				LD_RUNPATH_SEARCH_PATHS = (
					"$(inherited)",
					"@executable_path/Frameworks",
				);
				MARKETING_VERSION = 1.0;
				PRODUCT_BUNDLE_IDENTIFIER = com.emIkram.practiceiOS;
				PRODUCT_NAME = practiceiOS;
				SDKROOT = iphoneos;
				SWIFT_EMIT_LOC_STRINGS = YES;
				SWIFT_VERSION = 5.0;
				TARGETED_DEVICE_FAMILY = "1,2";
			};
			name = Debug;
		};
		9FCB174628647B3F00C55830 /* Release */ = {
			isa = XCBuildConfiguration;
			buildSettings = {
				ASSETCATALOG_COMPILER_APPICON_NAME = AppIcon;
				ASSETCATALOG_COMPILER_GLOBAL_ACCENT_COLOR_NAME = AccentColor;
				CODE_SIGN_STYLE = Automatic;
				CURRENT_PROJECT_VERSION = 1;
				ENABLE_PREVIEWS = YES;
				GENERATE_INFOPLIST_FILE = YES;
				INFOPLIST_KEY_UIApplicationSceneManifest_Generation = YES;
				INFOPLIST_KEY_UIApplicationSupportsIndirectInputEvents = YES;
				INFOPLIST_KEY_UILaunchScreen_Generation = YES;
				INFOPLIST_KEY_UISupportedInterfaceOrientations_iPad = "UIInterfaceOrientationPortrait UIInterfaceOrientationPortraitUpsideDown UIInterfaceOrientationLandscapeLeft UIInterfaceOrientationLandscapeRight";
				INFOPLIST_KEY_UISupportedInterfaceOrientations_iPhone = "UIInterfaceOrientationPortrait UIInterfaceOrientationLandscapeLeft UIInterfaceOrientationLandscapeRight";
				IPHONEOS_DEPLOYMENT_TARGET = 15.5;
				LD_RUNPATH_SEARCH_PATHS = (
					"$(inherited)",
					"@executable_path/Frameworks",
				);
				MARKETING_VERSION = 1.0;
				PRODUCT_BUNDLE_IDENTIFIER = com.emIkram.practiceiOS;
				PRODUCT_NAME = practiceiOS;
				SDKROOT = iphoneos;
				SWIFT_EMIT_LOC_STRINGS = YES;
				SWIFT_VERSION = 5.0;
				TARGETED_DEVICE_FAMILY = "1,2";
				VALIDATE_PRODUCT = YES;
			};
			name = Release;
		};
		9FCB174828647B3F00C55830 /* Debug */ = {
			isa = XCBuildConfiguration;
			buildSettings = {
				ASSETCATALOG_COMPILER_APPICON_NAME = AppIcon;
				ASSETCATALOG_COMPILER_GLOBAL_ACCENT_COLOR_NAME = AccentColor;
				CODE_SIGN_ENTITLEMENTS = macOS/macOS.entitlements;
				CODE_SIGN_STYLE = Automatic;
				COMBINE_HIDPI_IMAGES = YES;
				CURRENT_PROJECT_VERSION = 1;
				ENABLE_PREVIEWS = YES;
				GENERATE_INFOPLIST_FILE = YES;
				INFOPLIST_KEY_NSHumanReadableCopyright = "";
				LD_RUNPATH_SEARCH_PATHS = (
					"$(inherited)",
					"@executable_path/../Frameworks",
				);
				MACOSX_DEPLOYMENT_TARGET = 12.2;
				MARKETING_VERSION = 1.0;
				PRODUCT_BUNDLE_IDENTIFIER = com.emIkram.practiceiOS;
				PRODUCT_NAME = practiceiOS;
				SDKROOT = macosx;
				SWIFT_EMIT_LOC_STRINGS = YES;
				SWIFT_VERSION = 5.0;
			};
			name = Debug;
		};
		9FCB174928647B3F00C55830 /* Release */ = {
			isa = XCBuildConfiguration;
			buildSettings = {
				ASSETCATALOG_COMPILER_APPICON_NAME = AppIcon;
				ASSETCATALOG_COMPILER_GLOBAL_ACCENT_COLOR_NAME = AccentColor;
				CODE_SIGN_ENTITLEMENTS = macOS/macOS.entitlements;
				CODE_SIGN_STYLE = Automatic;
				COMBINE_HIDPI_IMAGES = YES;
				CURRENT_PROJECT_VERSION = 1;
				ENABLE_PREVIEWS = YES;
				GENERATE_INFOPLIST_FILE = YES;
				INFOPLIST_KEY_NSHumanReadableCopyright = "";
				LD_RUNPATH_SEARCH_PATHS = (
					"$(inherited)",
					"@executable_path/../Frameworks",
				);
				MACOSX_DEPLOYMENT_TARGET = 12.2;
				MARKETING_VERSION = 1.0;
				PRODUCT_BUNDLE_IDENTIFIER = com.emIkram.practiceiOS;
				PRODUCT_NAME = practiceiOS;
				SDKROOT = macosx;
				SWIFT_EMIT_LOC_STRINGS = YES;
				SWIFT_VERSION = 5.0;
			};
			name = Release;
		};
		9FCB174B28647B3F00C55830 /* Debug */ = {
			isa = XCBuildConfiguration;
			buildSettings = {
				ALWAYS_EMBED_SWIFT_STANDARD_LIBRARIES = YES;
				CODE_SIGN_STYLE = Automatic;
				CURRENT_PROJECT_VERSION = 1;
				GENERATE_INFOPLIST_FILE = YES;
				IPHONEOS_DEPLOYMENT_TARGET = 15.5;
				MARKETING_VERSION = 1.0;
				PRODUCT_BUNDLE_IDENTIFIER = "com.emIkram.Tests-iOS";
				PRODUCT_NAME = "$(TARGET_NAME)";
				SDKROOT = iphoneos;
				SWIFT_EMIT_LOC_STRINGS = NO;
				SWIFT_VERSION = 5.0;
				TARGETED_DEVICE_FAMILY = "1,2";
				TEST_TARGET_NAME = "practiceiOS (iOS)";
			};
			name = Debug;
		};
		9FCB174C28647B3F00C55830 /* Release */ = {
			isa = XCBuildConfiguration;
			buildSettings = {
				ALWAYS_EMBED_SWIFT_STANDARD_LIBRARIES = YES;
				CODE_SIGN_STYLE = Automatic;
				CURRENT_PROJECT_VERSION = 1;
				GENERATE_INFOPLIST_FILE = YES;
				IPHONEOS_DEPLOYMENT_TARGET = 15.5;
				MARKETING_VERSION = 1.0;
				PRODUCT_BUNDLE_IDENTIFIER = "com.emIkram.Tests-iOS";
				PRODUCT_NAME = "$(TARGET_NAME)";
				SDKROOT = iphoneos;
				SWIFT_EMIT_LOC_STRINGS = NO;
				SWIFT_VERSION = 5.0;
				TARGETED_DEVICE_FAMILY = "1,2";
				TEST_TARGET_NAME = "practiceiOS (iOS)";
				VALIDATE_PRODUCT = YES;
			};
			name = Release;
		};
		9FCB174E28647B3F00C55830 /* Debug */ = {
			isa = XCBuildConfiguration;
			buildSettings = {
				ALWAYS_EMBED_SWIFT_STANDARD_LIBRARIES = YES;
				CODE_SIGN_STYLE = Automatic;
				CURRENT_PROJECT_VERSION = 1;
				GENERATE_INFOPLIST_FILE = YES;
				MACOSX_DEPLOYMENT_TARGET = 12.2;
				MARKETING_VERSION = 1.0;
				PRODUCT_BUNDLE_IDENTIFIER = "com.emIkram.Tests-macOS";
				PRODUCT_NAME = "$(TARGET_NAME)";
				SDKROOT = macosx;
				SWIFT_EMIT_LOC_STRINGS = NO;
				SWIFT_VERSION = 5.0;
				TEST_TARGET_NAME = "practiceiOS (macOS)";
			};
			name = Debug;
		};
		9FCB174F28647B3F00C55830 /* Release */ = {
			isa = XCBuildConfiguration;
			buildSettings = {
				ALWAYS_EMBED_SWIFT_STANDARD_LIBRARIES = YES;
				CODE_SIGN_STYLE = Automatic;
				CURRENT_PROJECT_VERSION = 1;
				GENERATE_INFOPLIST_FILE = YES;
				MACOSX_DEPLOYMENT_TARGET = 12.2;
				MARKETING_VERSION = 1.0;
				PRODUCT_BUNDLE_IDENTIFIER = "com.emIkram.Tests-macOS";
				PRODUCT_NAME = "$(TARGET_NAME)";
				SDKROOT = macosx;
				SWIFT_EMIT_LOC_STRINGS = NO;
				SWIFT_VERSION = 5.0;
				TEST_TARGET_NAME = "practiceiOS (macOS)";
			};
			name = Release;
		};
/* End XCBuildConfiguration section */

/* Begin XCConfigurationList section */
		9FCB171228647B3A00C55830 /* Build configuration list for PBXProject "practiceiOS" */ = {
			isa = XCConfigurationList;
			buildConfigurations = (
				9FCB174228647B3F00C55830 /* Debug */,
				9FCB174328647B3F00C55830 /* Release */,
			);
			defaultConfigurationIsVisible = 0;
			defaultConfigurationName = Release;
		};
		9FCB174428647B3F00C55830 /* Build configuration list for PBXNativeTarget "practiceiOS (iOS)" */ = {
			isa = XCConfigurationList;
			buildConfigurations = (
				9FCB174528647B3F00C55830 /* Debug */,
				9FCB174628647B3F00C55830 /* Release */,
			);
			defaultConfigurationIsVisible = 0;
			defaultConfigurationName = Release;
		};
		9FCB174728647B3F00C55830 /* Build configuration list for PBXNativeTarget "practiceiOS (macOS)" */ = {
			isa = XCConfigurationList;
			buildConfigurations = (
				9FCB174828647B3F00C55830 /* Debug */,
				9FCB174928647B3F00C55830 /* Release */,
			);
			defaultConfigurationIsVisible = 0;
			defaultConfigurationName = Release;
		};
		9FCB174A28647B3F00C55830 /* Build configuration list for PBXNativeTarget "Tests iOS" */ = {
			isa = XCConfigurationList;
			buildConfigurations = (
				9FCB174B28647B3F00C55830 /* Debug */,
				9FCB174C28647B3F00C55830 /* Release */,
			);
			defaultConfigurationIsVisible = 0;
			defaultConfigurationName = Release;
		};
		9FCB174D28647B3F00C55830 /* Build configuration list for PBXNativeTarget "Tests macOS" */ = {
			isa = XCConfigurationList;
			buildConfigurations = (
				9FCB174E28647B3F00C55830 /* Debug */,
				9FCB174F28647B3F00C55830 /* Release */,
			);
			defaultConfigurationIsVisible = 0;
			defaultConfigurationName = Release;
		};
/* End XCConfigurationList section */
	};
	rootObject = 9FCB170F28647B3A00C55830 /* Project object */;
}
